{
  "name": "BelleBloom",
  "lockfileVersion": 3,
  "requires": true,
  "packages": {
    "": {
      "dependencies": {
        "@next/font": "^14.0.1"
      }
    },
    "node_modules/@next/font": {
      "version": "14.0.1",
      "resolved": "https://registry.npmjs.org/@next/font/-/font-14.0.1.tgz",
      "integrity": "sha512-Kbhhjn7Fj/YoZcRtUb6RuLm/2JffH76fbLiFnV4EGkq6wRUAVA5bwbpI1D9KgmvSyaC2taWnmIuMFpTWl9Q92Q=="
    }
  }
}
